# DO NOT EDIT MANUALLY - Managed by Fern Replay
version: "1.0"
generations:
  - commit_sha: 5ccdc6aee41802c074fedb96a7f154e8197259f6
    tree_hash: a5dc2fed2adcac64a35f6e3053ed03a1fabc0c0a
    timestamp: 2026-06-03T14:06:14.465Z
    cli_version: unknown
    generator_versions: {}
current_generation: 5ccdc6aee41802c074fedb96a7f154e8197259f6
patches: []
