# DO NOT EDIT MANUALLY - Managed by Fern Replay
version: "1.0"
generations:
  - commit_sha: 310eb549f5442d8913961b6bf739c7715a41110a
    tree_hash: b453b59a565b71e0eed4afbbbd3cbf67789b21c9
    timestamp: 2026-05-26T08:57:08.517Z
    cli_version: unknown
    generator_versions: {}
current_generation: 310eb549f5442d8913961b6bf739c7715a41110a
patches: []
